
Microsoft Visual Studio Solution File, Format Version 12.00
# Visual Studio Version 17
VisualStudioVersion = 17.10.35122.118
MinimumVisualStudioVersion = 10.0.40219.1
Project("{8BC9CEB8-8B4A-11D0-8D11-00A0C91BC942}") = "stressMap", "stressMap\stressMap.vcxproj", "{BEEE8ABA-81D3-4863-B196-8AE157D5C397}"
EndProject
Global
	GlobalSection(SolutionConfigurationPlatforms) = preSolution
		Debug|x64 = Debug|x64
		Debug|x86 = Debug|x86
		Release|x64 = Release|x64
		Release|x86 = Release|x86
	EndGlobalSection
	GlobalSection(ProjectConfigurationPlatforms) = postSolution
		{BEEE8ABA-81D3-4863-B196-8AE157D5C397}.Debug|x64.ActiveCfg = Debug|x64
		{BEEE8ABA-81D3-4863-B196-8AE157D5C397}.Debug|x64.Build.0 = Debug|x64
		{BEEE8ABA-81D3-4863-B196-8AE157D5C397}.Debug|x86.ActiveCfg = Debug|Win32
		{BEEE8ABA-81D3-4863-B196-8AE157D5C397}.Debug|x86.Build.0 = Debug|Win32
		{BEEE8ABA-81D3-4863-B196-8AE157D5C397}.Release|x64.ActiveCfg = Release|x64
		{BEEE8ABA-81D3-4863-B196-8AE157D5C397}.Release|x64.Build.0 = Release|x64
		{BEEE8ABA-81D3-4863-B196-8AE157D5C397}.Release|x86.ActiveCfg = Release|Win32
		{BEEE8ABA-81D3-4863-B196-8AE157D5C397}.Release|x86.Build.0 = Release|Win32
	EndGlobalSection
	GlobalSection(SolutionProperties) = preSolution
		HideSolutionNode = FALSE
	EndGlobalSection
	GlobalSection(ExtensibilityGlobals) = postSolution
		SolutionGuid = {7CC37330-C6BE-4479-8118-11ED7EC66470}
	EndGlobalSection
EndGlobal
