
Microsoft Visual Studio Solution File, Format Version 12.00
# Visual Studio Version 17
VisualStudioVersion = 17.10.35122.118
MinimumVisualStudioVersion = 10.0.40219.1
Project("{8BC9CEB8-8B4A-11D0-8D11-00A0C91BC942}") = "relaxNode", "relaxNode\relaxNode.vcxproj", "{2B5AFC1D-3F8D-421B-869E-693C92492FF1}"
EndProject
Global
	GlobalSection(SolutionConfigurationPlatforms) = preSolution
		Debug|x64 = Debug|x64
		Debug|x86 = Debug|x86
		Release|x64 = Release|x64
		Release|x86 = Release|x86
	EndGlobalSection
	GlobalSection(ProjectConfigurationPlatforms) = postSolution
		{2B5AFC1D-3F8D-421B-869E-693C92492FF1}.Debug|x64.ActiveCfg = Debug|x64
		{2B5AFC1D-3F8D-421B-869E-693C92492FF1}.Debug|x64.Build.0 = Debug|x64
		{2B5AFC1D-3F8D-421B-869E-693C92492FF1}.Debug|x86.ActiveCfg = Debug|Win32
		{2B5AFC1D-3F8D-421B-869E-693C92492FF1}.Debug|x86.Build.0 = Debug|Win32
		{2B5AFC1D-3F8D-421B-869E-693C92492FF1}.Release|x64.ActiveCfg = Release|x64
		{2B5AFC1D-3F8D-421B-869E-693C92492FF1}.Release|x64.Build.0 = Release|x64
		{2B5AFC1D-3F8D-421B-869E-693C92492FF1}.Release|x86.ActiveCfg = Release|Win32
		{2B5AFC1D-3F8D-421B-869E-693C92492FF1}.Release|x86.Build.0 = Release|Win32
	EndGlobalSection
	GlobalSection(SolutionProperties) = preSolution
		HideSolutionNode = FALSE
	EndGlobalSection
	GlobalSection(ExtensibilityGlobals) = postSolution
		SolutionGuid = {04A45E93-5EEA-43FB-8C28-F146A9A0D5E1}
	EndGlobalSection
EndGlobal
